<?xml version="1.0" encoding="UTF-8"?>
<CONFIG>
  <ProjectOptions>
    <Version Value="11"/>
    <General>
      <Flags>
        <MainUnitHasUsesSectionForAllUnits Value="False"/>
        <LRSInOutputDirectory Value="False"/>
      </Flags>
      <SessionStorage Value="InIDEConfig"/>
      <MainUnit Value="0"/>
      <Title Value="Simba"/>
      <UseXPManifest Value="True"/>
      <XPManifest>
        <DpiAware Value="True"/>
      </XPManifest>
      <Icon Value="0"/>
    </General>
    <LazDoc Paths="../../LazDoc"/>
    <VersionInfo>
      <UseVersionInfo Value="True"/>
      <MajorVersionNr Value="1"/>
      <MinorVersionNr Value="4"/>
      <Language Value="0809"/>
      <CharSet Value="04B0"/>
      <StringTable CompanyName="Villavu.com" FileDescription="Simba: http://wizzup.org/simba/" OriginalFilename="Simba.exe" ProductName="Simba" ProductVersion="1.3 RC2"/>
    </VersionInfo>
    <BuildModes Count="2">
      <Item1 Name="Debug" Default="True"/>
      <Item2 Name="Release">
        <CompilerOptions>
          <Version Value="11"/>
          <Target>
            <Filename Value="../../Simba-$(TargetCPU)-$(TargetOS)"/>
          </Target>
          <SearchPaths>
            <IncludeFiles Value="$(ProjOutDir);../../Units/lape;$(LazarusDir)/components/synedit;../../Units/Misc/MatchTemplate"/>
            <Libraries Value="../../Units/lape/extensions/ffi/bin/$(TargetOS)"/>
            <OtherUnitFiles Value="$(ProjPath);$(ProjPath)../FormDesigner;$(ProjPath)../../Projects/FormDesigner/CodeGen;package;parser;colorpicker;settings;../../MML/matchtemplate;../../MML/matchtemplate/fftlib;../../MML;../../MML/iomanager;../../MML/oswindow;../../MML/dtmeditor;../../MML/aca;../../MML/generics;../../MML/web;../../MML/web/fpc;../../MML/archive;../../MML/linux;../../Modules/Synapse;../../Modules/ATSynEdit/atsynedit;../../Modules/ATFlatControls/atflatcontrols;../../Modules/EncConv/encconv;../../Components"/>
            <UnitOutputDirectory Value="$(ProjPath)../../build/$(BuildMode)/$(TargetCPU)-$(TargetOS)"/>
          </SearchPaths>
          <CodeGeneration>
            <SmartLinkUnit Value="True"/>
            <Checks>
              <RangeChecks Value="True"/>
            </Checks>
          </CodeGeneration>
          <Linking>
            <LinkSmart Value="True"/>
          </Linking>
          <Other>
            <CompilerMessages>
              <IgnoredMessages idx5024="True"/>
            </CompilerMessages>
            <ExecuteBefore>
              <Command Value="$MakeExe($(LazarusDir)lazbuild) --cpu=$(TargetCPU) --os=$(TargetOS) --build-mode=default ../SimbaScript/SimbaScript.lpi"/>
              <ShowAllMessages Value="True"/>
              <CompileReasons Run="False"/>
            </ExecuteBefore>
            <CreateMakefileOnBuild Value="True"/>
          </Other>
        </CompilerOptions>
      </Item2>
    </BuildModes>
    <PublishOptions>
      <Version Value="2"/>
    </PublishOptions>
    <RunParams>
      <local>
        <LaunchingApplication PathPlusParams="/usr/bin/gnome-terminal -t 'Lazarus Run Output' -e '$(LazarusDir)/tools/runwait.sh $(TargetCmdLine)'"/>
      </local>
      <FormatVersion Value="2"/>
      <Modes Count="1">
        <Mode0 Name="default">
          <local>
            <LaunchingApplication PathPlusParams="/usr/bin/gnome-terminal -t 'Lazarus Run Output' -e '$(LazarusDir)/tools/runwait.sh $(TargetCmdLine)'"/>
          </local>
        </Mode0>
      </Modes>
    </RunParams>
    <RequiredPackages Count="4">
      <Item1>
        <PackageName Value="AnchorDocking"/>
      </Item1>
      <Item2>
        <PackageName Value="LazControls"/>
      </Item2>
      <Item3>
        <PackageName Value="SynEdit"/>
        <MinVersion Major="1" Valid="True"/>
      </Item3>
      <Item4>
        <PackageName Value="LCL"/>
      </Item4>
    </RequiredPackages>
    <Units Count="53">
      <Unit0>
        <Filename Value="Simba.lpr"/>
        <IsPartOfProject Value="True"/>
      </Unit0>
      <Unit1>
        <Filename Value="simba.main.pas"/>
        <IsPartOfProject Value="True"/>
        <ComponentName Value="SimbaForm"/>
        <HasResources Value="True"/>
        <ResourceBaseClass Value="Form"/>
      </Unit1>
      <Unit2>
        <Filename Value="simba.scriptframe.pas"/>
        <IsPartOfProject Value="True"/>
        <ComponentName Value="ScriptFrame"/>
        <HasResources Value="True"/>
        <ResourceBaseClass Value="Frame"/>
      </Unit2>
      <Unit3>
        <Filename Value="colorpicker/simba.colorpicker_historyform.pas"/>
        <IsPartOfProject Value="True"/>
        <ComponentName Value="SimbaColorHistoryForm"/>
        <HasResources Value="True"/>
        <ResourceBaseClass Value="Form"/>
      </Unit3>
      <Unit4>
        <Filename Value="simba.aboutform.pas"/>
        <IsPartOfProject Value="True"/>
        <ComponentName Value="AboutForm"/>
        <HasResources Value="True"/>
        <ResourceBaseClass Value="Form"/>
      </Unit4>
      <Unit5>
        <Filename Value="simba.debugimage.pas"/>
        <IsPartOfProject Value="True"/>
        <ComponentName Value="SimbaDebugImageForm"/>
        <HasResources Value="True"/>
        <ResourceBaseClass Value="Form"/>
      </Unit5>
      <Unit6>
        <Filename Value="simba.functionlistframe.pas"/>
        <IsPartOfProject Value="True"/>
        <ComponentName Value="FunctionList_Frame"/>
        <HasResources Value="True"/>
        <ResourceBaseClass Value="Frame"/>
      </Unit6>
      <Unit7>
        <Filename Value="simba.updateform.pas"/>
        <IsPartOfProject Value="True"/>
        <ComponentName Value="SimbaUpdateForm"/>
        <HasResources Value="True"/>
        <ResourceBaseClass Value="Form"/>
      </Unit7>
      <Unit8>
        <Filename Value="simba.settings_expert.pas"/>
        <IsPartOfProject Value="True"/>
        <ComponentName Value="SettingsForm"/>
        <HasResources Value="True"/>
        <ResourceBaseClass Value="Form"/>
      </Unit8>
      <Unit9>
        <Filename Value="simba.settings_simple.pas"/>
        <IsPartOfProject Value="True"/>
        <ComponentName Value="SettingsSimpleForm"/>
        <HasResources Value="True"/>
        <ResourceBaseClass Value="Form"/>
      </Unit9>
      <Unit10>
        <Filename Value="../Tools/dtm_editor.pas"/>
        <IsPartOfProject Value="True"/>
        <ComponentName Value="DTMForm"/>
        <HasResources Value="True"/>
        <ResourceBaseClass Value="Form"/>
      </Unit10>
      <Unit11>
        <Filename Value="../Tools/aca_math.pas"/>
        <IsPartOfProject Value="True"/>
      </Unit11>
      <Unit12>
        <Filename Value="../Tools/aca.pas"/>
        <IsPartOfProject Value="True"/>
        <ComponentName Value="ACAForm"/>
        <HasResources Value="True"/>
        <ResourceBaseClass Value="Form"/>
        <UnitName Value="ACA"/>
      </Unit12>
      <Unit13>
        <Filename Value="../../Units/Linux/simba.xlib_display.pas"/>
        <IsPartOfProject Value="True"/>
      </Unit13>
      <Unit14>
        <Filename Value="../../Units/MMLAddon/simba.script_output.pas"/>
        <IsPartOfProject Value="True"/>
      </Unit14>
      <Unit15>
        <Filename Value="simba.scriptinstance.pas"/>
        <IsPartOfProject Value="True"/>
      </Unit15>
      <Unit16>
        <Filename Value="../Tools/aca.helpers.pas"/>
        <IsPartOfProject Value="True"/>
      </Unit16>
      <Unit17>
        <Filename Value="../../MML/simba.script_plugin.pas"/>
        <IsPartOfProject Value="True"/>
      </Unit17>
      <Unit18>
        <Filename Value="simba.resourceextractor.pas"/>
        <IsPartOfProject Value="True"/>
      </Unit18>
      <Unit19>
        <Filename Value="simba.pluginparser.pas"/>
        <IsPartOfProject Value="True"/>
      </Unit19>
      <Unit20>
        <Filename Value="../../MML/generics/simba.generics.pas"/>
        <IsPartOfProject Value="True"/>
      </Unit20>
      <Unit21>
        <Filename Value="../../MML/generics/simbastack.inc"/>
        <IsPartOfProject Value="True"/>
      </Unit21>
      <Unit22>
        <Filename Value="simba.autocomplete.pas"/>
        <IsPartOfProject Value="True"/>
      </Unit22>
      <Unit23>
        <Filename Value="simba.scripttab.pas"/>
        <IsPartOfProject Value="True"/>
      </Unit23>
      <Unit24>
        <Filename Value="simba.editor.pas"/>
        <IsPartOfProject Value="True"/>
      </Unit24>
      <Unit25>
        <Filename Value="simba.scripttabhistory.pas"/>
        <IsPartOfProject Value="True"/>
      </Unit25>
      <Unit26>
        <Filename Value="simba.editorform.pas"/>
        <IsPartOfProject Value="True"/>
      </Unit26>
      <Unit27>
        <Filename Value="simba.scripttabsform.pas"/>
        <IsPartOfProject Value="True"/>
        <ComponentName Value="SimbaScriptTabsForm"/>
        <HasResources Value="True"/>
        <ResourceBaseClass Value="Form"/>
      </Unit27>
      <Unit28>
        <Filename Value="simba.debugform.pas"/>
        <IsPartOfProject Value="True"/>
        <ComponentName Value="SimbaDebugForm"/>
        <HasResources Value="True"/>
        <ResourceBaseClass Value="Form"/>
      </Unit28>
      <Unit29>
        <Filename Value="simba.functionlistform.pas"/>
        <IsPartOfProject Value="True"/>
        <ComponentName Value="SimbaFunctionListForm"/>
        <HasResources Value="True"/>
        <ResourceBaseClass Value="Form"/>
      </Unit29>
      <Unit30>
        <Filename Value="simba.filebrowserform.pas"/>
        <IsPartOfProject Value="True"/>
        <ComponentName Value="SimbaFileBrowserForm"/>
        <HasResources Value="True"/>
        <ResourceBaseClass Value="Form"/>
      </Unit30>
      <Unit31>
        <Filename Value="simba.functionlist.pas"/>
        <IsPartOfProject Value="True"/>
        <ComponentName Value="SimbaFunctionList"/>
        <HasResources Value="True"/>
        <ResourceBaseClass Value="Frame"/>
      </Unit31>
      <Unit32>
        <Filename Value="simba.functionlistupdater.pas"/>
        <IsPartOfProject Value="True"/>
      </Unit32>
      <Unit33>
        <Filename Value="simba.notesform.pas"/>
        <IsPartOfProject Value="True"/>
        <ComponentName Value="SimbaNotesForm"/>
        <HasResources Value="True"/>
        <ResourceBaseClass Value="Form"/>
      </Unit33>
      <Unit34>
        <Filename Value="simba.baseform.pas"/>
        <IsPartOfProject Value="True"/>
        <ComponentName Value="SimbaBaseForm"/>
        <HasResources Value="True"/>
        <ResourceBaseClass Value="Form"/>
      </Unit34>
      <Unit35>
        <Filename Value="simba.settings.pas"/>
        <IsPartOfProject Value="True"/>
      </Unit35>
      <Unit36>
        <Filename Value="simba.settingsform.pas"/>
        <IsPartOfProject Value="True"/>
        <ComponentName Value="SimbaSettingsForm"/>
        <HasResources Value="True"/>
        <ResourceBaseClass Value="Form"/>
      </Unit36>
      <Unit37>
        <Filename Value="settings/simba.settingsform_editor_font.pas"/>
        <IsPartOfProject Value="True"/>
        <ComponentName Value="EditorFontFrame"/>
        <HasResources Value="True"/>
        <ResourceBaseClass Value="Frame"/>
      </Unit37>
      <Unit38>
        <Filename Value="settings/simba.settingsform_editor_colors.pas"/>
        <IsPartOfProject Value="True"/>
        <ComponentName Value="EditorColorsFrame"/>
        <HasResources Value="True"/>
        <ResourceBaseClass Value="Frame"/>
      </Unit38>
      <Unit39>
        <Filename Value="settings/simba.settingsform_environment.pas"/>
        <IsPartOfProject Value="True"/>
        <ComponentName Value="EnvironmentFrame"/>
        <HasResources Value="True"/>
        <ResourceBaseClass Value="Frame"/>
      </Unit39>
      <Unit40>
        <Filename Value="settings/simba.settingsform_editor_general.pas"/>
        <IsPartOfProject Value="True"/>
        <ComponentName Value="EditorGeneralFrame"/>
        <HasResources Value="True"/>
        <ResourceBaseClass Value="Frame"/>
      </Unit40>
      <Unit41>
        <Filename Value="settings/simba.settingsform_gui.pas"/>
        <IsPartOfProject Value="True"/>
        <ComponentName Value="GUIFrame"/>
        <HasResources Value="True"/>
        <ResourceBaseClass Value="Frame"/>
      </Unit41>
      <Unit42>
        <Filename Value="simba.setting.pas"/>
        <IsPartOfProject Value="True"/>
      </Unit42>
      <Unit43>
        <Filename Value="simba.splashform.pas"/>
        <IsPartOfProject Value="True"/>
        <ComponentName Value="SimbaSplashForm"/>
        <HasResources Value="True"/>
        <ResourceBaseClass Value="Form"/>
      </Unit43>
      <Unit44>
        <Filename Value="simba.editor_attributes.pas"/>
        <IsPartOfProject Value="True"/>
      </Unit44>
      <Unit45>
        <Filename Value="colorpicker/simba.colorpicker_hintform.pas"/>
        <IsPartOfProject Value="True"/>
        <ComponentName Value="SimbaColorPickerHintForm"/>
        <HasResources Value="True"/>
        <ResourceBaseClass Value="Form"/>
      </Unit45>
      <Unit46>
        <Filename Value="colorpicker/simba.colorpicker_form.pas"/>
        <IsPartOfProject Value="True"/>
        <ComponentName Value="SimbaColorPickerForm"/>
        <HasResources Value="True"/>
        <ResourceBaseClass Value="Form"/>
      </Unit46>
      <Unit47>
        <Filename Value="colorpicker/simba.colorpicker.pas"/>
        <IsPartOfProject Value="True"/>
      </Unit47>
      <Unit48>
        <Filename Value="simba.script_simbamethod.pas"/>
        <IsPartOfProject Value="True"/>
      </Unit48>
      <Unit49>
        <Filename Value="../../Components/simba.imagebox.pas"/>
        <IsPartOfProject Value="True"/>
      </Unit49>
      <Unit50>
        <Filename Value="../../MML/simba.bitmap_helpers.pas"/>
        <IsPartOfProject Value="True"/>
      </Unit50>
      <Unit51>
        <Filename Value="../../Components/simba.imagebox_overlay.pas"/>
        <IsPartOfProject Value="True"/>
      </Unit51>
      <Unit52>
        <Filename Value="parser/simba.ci_includecache.pas"/>
        <IsPartOfProject Value="True"/>
      </Unit52>
    </Units>
  </ProjectOptions>
  <CompilerOptions>
    <Version Value="11"/>
    <Target>
      <Filename Value="../../Simba.$(TargetCPU)-$(TargetOS)-debug"/>
    </Target>
    <SearchPaths>
      <IncludeFiles Value="$(ProjOutDir);../../Units/lape;../../Units/MMLAddon/imports/lape;$(LazarusDir)/components/synedit;../../Units/Misc/MatchTemplate;../../Units/MMLAddon/oswindow"/>
      <Libraries Value="../../Units/lape/extensions/ffi/bin/$(TargetOS)"/>
      <OtherUnitFiles Value="$(ProjPath);$(ProjPath)../../Units/MMLCore;$(ProjPath)../../Units/MMLAddon;$(ProjPath)../../Units/lape;$(ProjPath)../../Units/Misc;$(ProjPath)../../Units/Misc/DCPCrypt;$(ProjPath)../../Units/Misc/DCPCrypt/Hashes;$(ProjPath)../../Units/Misc/DCPCrypt/Ciphers;$(ProjPath)../../Units/Linux;$(ProjPath)../../Units/Synapse;../../Units/lape/extensions/ffi;$(ProjPath)../ScriptManager;$(ProjPath)../FormDesigner;$(ProjPath)../../Projects/FormDesigner/CodeGen;../../Units/MMLAddon/imports;../../Units/MMLAddon/imports/classes/MML;../../Units/MMLAddon/imports/classes/LCL;../Tools;../../Units/Misc/MatchTemplate;../../Units/Misc/MatchTemplate/fftlib;../../Units/MMLAddon/oswindow;../../Units/Misc/Web;../../Units/Misc/Archive;package;../../Units/Misc/Web/fpc;../../Units/Misc/Archive/gzip;../../Units/MMLAddon/windowselector;../../Units/MMLCore/iomanager;../../MML/generics;settings;colorpicker;../../Components"/>
      <UnitOutputDirectory Value="$(ProjPath)../../build/$(BuildMode)/$(TargetCPU)-$(TargetOS)"/>
    </SearchPaths>
    <Parsing>
      <SyntaxOptions>
        <IncludeAssertionCode Value="True"/>
      </SyntaxOptions>
    </Parsing>
    <CodeGeneration>
      <Checks>
        <IOChecks Value="True"/>
        <RangeChecks Value="True"/>
        <OverflowChecks Value="True"/>
        <StackChecks Value="True"/>
      </Checks>
    </CodeGeneration>
    <Linking>
      <Debugging>
        <UseHeaptrc Value="True"/>
      </Debugging>
    </Linking>
    <Other>
      <CompilerMessages>
        <IgnoredMessages idx5024="True"/>
      </CompilerMessages>
      <CustomOptions Value="-dLape_CDECL
-dStaticFFI"/>
      <CreateMakefileOnBuild Value="True"/>
    </Other>
  </CompilerOptions>
  <Debugging>
    <Exceptions Count="8">
      <Item1>
        <Name Value="lpException"/>
      </Item1>
      <Item2>
        <Name Value="EHTTPClient"/>
      </Item2>
      <Item3>
        <Name Value="ESocketError"/>
      </Item3>
      <Item4>
        <Name Value="ESyntaxError"/>
      </Item4>
      <Item5>
        <Name Value="EAnchorDockLayoutError"/>
      </Item5>
      <Item6>
        <Name Value="Exception"/>
      </Item6>
      <Item7>
        <Name Value="EWriteError"/>
      </Item7>
      <Item8>
        <Name Value="EReadError"/>
      </Item8>
    </Exceptions>
  </Debugging>
</CONFIG>
