<?xml version="1.0"?>
<CONFIG>
  <ProjectOptions>
    <Version Value="7"/>
    <General>
      <Flags>
        <LRSInOutputDirectory Value="False"/>
      </Flags>
      <SessionStorage Value="InIDEConfig"/>
      <MainUnit Value="0"/>
      <TargetFileExt Value=""/>
      <Title Value="Simba"/>
      <UseXPManifest Value="True"/>
      <Icon Value="0"/>
    </General>
    <VersionInfo>
      <ProjectVersion Value=""/>
      <Language Value="0419"/>
      <CharSet Value="04B0"/>
    </VersionInfo>
    <PublishOptions>
      <Version Value="2"/>
      <IgnoreBinaries Value="False"/>
      <IncludeFileFilter Value="*.(pas|pp|inc|lfm|lpr|lrs|lpi|lpk|sh|xml)"/>
      <ExcludeFileFilter Value="*.(bak|ppu|ppw|o|so);*~;backup"/>
    </PublishOptions>
    <RunParams>
      <local>
        <FormatVersion Value="1"/>
        <LaunchingApplication PathPlusParams="/usr/bin/gnome-terminal -t 'Lazarus Run Output' -e '$(LazarusDir)/tools/runwait.sh $(TargetCmdLine)'"/>
      </local>
    </RunParams>
    <RequiredPackages Count="2">
      <Item1>
        <PackageName Value="SynEdit"/>
        <MinVersion Major="1" Valid="True"/>
      </Item1>
      <Item2>
        <PackageName Value="LCL"/>
      </Item2>
    </RequiredPackages>
    <Units Count="33">
      <Unit0>
        <Filename Value="project1.lpr"/>
        <IsPartOfProject Value="True"/>
        <UnitName Value="project1"/>
      </Unit0>
      <Unit1>
        <Filename Value="testunit.pas"/>
        <IsPartOfProject Value="True"/>
        <ComponentName Value="Form1"/>
        <HasResources Value="True"/>
        <ResourceBaseClass Value="Form"/>
        <UnitName Value="TestUnit"/>
      </Unit1>
      <Unit2>
        <Filename Value="../../Units/MMLCore/client.pas"/>
        <IsPartOfProject Value="True"/>
        <UnitName Value="Client"/>
      </Unit2>
      <Unit3>
        <Filename Value="../../Units/MMLCore/mufasatypes.pas"/>
        <IsPartOfProject Value="True"/>
        <UnitName Value="MufasaTypes"/>
      </Unit3>
      <Unit4>
        <Filename Value="../../Units/MMLCore/files.pas"/>
        <IsPartOfProject Value="True"/>
        <UnitName Value="files"/>
      </Unit4>
      <Unit5>
        <Filename Value="../../Units/MMLCore/window.pas"/>
        <IsPartOfProject Value="True"/>
        <UnitName Value="Window"/>
      </Unit5>
      <Unit6>
        <Filename Value="../../Units/MMLCore/finder.pas"/>
        <IsPartOfProject Value="True"/>
        <UnitName Value="finder"/>
      </Unit6>
      <Unit7>
        <Filename Value="../../Units/MMLAddon/mmlpsthread.pas"/>
        <IsPartOfProject Value="True"/>
        <UnitName Value="mmlpsthread"/>
      </Unit7>
      <Unit8>
        <Filename Value="../../Units/MMLCore/bitmaps.pas"/>
        <IsPartOfProject Value="True"/>
        <UnitName Value="bitmaps"/>
      </Unit8>
      <Unit9>
        <Filename Value="../../Units/MMLAddon/PSInc/Wrappers/bitmap.inc"/>
        <IsPartOfProject Value="True"/>
      </Unit9>
      <Unit10>
        <Filename Value="../../Units/MMLCore/colour_conv.pas"/>
        <IsPartOfProject Value="True"/>
        <UnitName Value="colour_conv"/>
      </Unit10>
      <Unit11>
        <Filename Value="../../Units/MMLAddon/plugins.pas"/>
        <IsPartOfProject Value="True"/>
        <UnitName Value="plugins"/>
      </Unit11>
      <Unit12>
        <Filename Value="../../Units/MMLCore/dtm.pas"/>
        <IsPartOfProject Value="True"/>
        <UnitName Value="dtm"/>
      </Unit12>
      <Unit13>
        <Filename Value="../../Units/MMLAddon/colourpicker.pas"/>
        <IsPartOfProject Value="True"/>
        <UnitName Value="colourpicker"/>
      </Unit13>
      <Unit14>
        <Filename Value="../../Units/MMLAddon/windowselector.pas"/>
        <IsPartOfProject Value="True"/>
        <UnitName Value="windowselector"/>
      </Unit14>
      <Unit15>
        <Filename Value="../../Units/MMLCore/dtmutil.pas"/>
        <IsPartOfProject Value="True"/>
        <UnitName Value="dtmutil"/>
      </Unit15>
      <Unit16>
        <Filename Value="../../Units/MMLCore/mmath.pas"/>
        <IsPartOfProject Value="True"/>
        <UnitName Value="mmath"/>
      </Unit16>
      <Unit17>
        <Filename Value="../../Units/MMLCore/ocr.pas"/>
        <IsPartOfProject Value="True"/>
        <UnitName Value="ocr"/>
      </Unit17>
      <Unit18>
        <Filename Value="../../Units/MMLCore/web.pas"/>
        <IsPartOfProject Value="True"/>
        <UnitName Value="web"/>
      </Unit18>
      <Unit19>
        <Filename Value="framescript.pas"/>
        <IsPartOfProject Value="True"/>
        <ComponentName Value="ScriptFrame"/>
        <ResourceBaseClass Value="Frame"/>
        <UnitName Value="framescript"/>
      </Unit19>
      <Unit20>
        <Filename Value="colourhistory.pas"/>
        <IsPartOfProject Value="True"/>
        <ComponentName Value="ColourHistoryForm"/>
        <ResourceBaseClass Value="Form"/>
        <UnitName Value="colourhistory"/>
      </Unit20>
      <Unit21>
        <Filename Value="about.pas"/>
        <IsPartOfProject Value="True"/>
        <ComponentName Value="AboutForm"/>
        <ResourceBaseClass Value="Form"/>
        <UnitName Value="about"/>
      </Unit21>
      <Unit22>
        <Filename Value="../../Units/MMLAddon/internets.pas"/>
        <IsPartOfProject Value="True"/>
        <UnitName Value="internets"/>
      </Unit22>
      <Unit23>
        <Filename Value="debugimageform.pas"/>
        <IsPartOfProject Value="True"/>
        <HasResources Value="True"/>
        <UnitName Value="debugimageform"/>
      </Unit23>
      <Unit24>
        <Filename Value="debugimage.pas"/>
        <IsPartOfProject Value="True"/>
        <ComponentName Value="DebugImgForm"/>
        <ResourceBaseClass Value="Form"/>
        <UnitName Value="debugimage"/>
      </Unit24>
      <Unit25>
        <Filename Value="framefunctionlist.pas"/>
        <IsPartOfProject Value="True"/>
        <ComponentName Value="FunctionListFrame"/>
        <ResourceBaseClass Value="Frame"/>
        <UnitName Value="framefunctionlist"/>
      </Unit25>
      <Unit26>
        <Filename Value="simpleanalyzer.pas"/>
        <IsPartOfProject Value="True"/>
        <UnitName Value="simpleanalyzer"/>
      </Unit26>
      <Unit27>
        <Filename Value="../../Units/MMLAddon/updater.pas"/>
        <IsPartOfProject Value="True"/>
        <UnitName Value="updater"/>
      </Unit27>
      <Unit28>
        <Filename Value="updateform.pas"/>
        <IsPartOfProject Value="True"/>
        <ComponentName Value="SimbaUpdateForm"/>
        <ResourceBaseClass Value="Form"/>
        <UnitName Value="updateform"/>
      </Unit28>
      <Unit29>
        <Filename Value="simbasettings.pas"/>
        <IsPartOfProject Value="True"/>
        <ComponentName Value="SettingsForm"/>
        <ResourceBaseClass Value="Form"/>
        <UnitName Value="simbasettings"/>
      </Unit29>
      <Unit30>
        <Filename Value="reportbug.pas"/>
        <IsPartOfProject Value="True"/>
        <ComponentName Value="FormReportBug"/>
        <ResourceBaseClass Value="Form"/>
        <UnitName Value="reportbug"/>
      </Unit30>
      <Unit31>
        <Filename Value="../../Units/MMLAddon/newinternets.pas"/>
        <IsPartOfProject Value="True"/>
        <UnitName Value="newinternets"/>
      </Unit31>
      <Unit32>
        <Filename Value="../../Units/MMLCore/libloader.pas"/>
        <IsPartOfProject Value="True"/>
        <UnitName Value="libloader"/>
      </Unit32>
    </Units>
  </ProjectOptions>
  <CompilerOptions>
    <Version Value="8"/>
    <Target>
      <Filename Value="Simba"/>
    </Target>
    <SearchPaths>
      <IncludeFiles Value="$(ProjOutDir)/;$(ProjPath)../../Units/MMLAddon/PSInc/"/>
      <OtherUnitFiles Value="$(ProjPath)/;$(ProjPath)../../Units/MMLCore/;$(ProjPath)../../Units/MMLAddon/;$(ProjPath)../../Units/PascalScript/;$(ProjPath)../../Units/Misc/;$(ProjPath)../../Units/MMLAddon/PSInc/;$(ProjPath)../../Units/Linux/;$(ProjPath)../../Units/Synapse/;$(LazarusDir)/components/mouseandkeyinput/"/>
      <UnitOutputDirectory Value="$(ProjPath)../../build/$(TargetOS)"/>
    </SearchPaths>
    <CodeGeneration>
      <Optimizations>
        <VariablesInRegisters Value="True"/>
        <OptimizationLevel Value="2"/>
      </Optimizations>
    </CodeGeneration>
    <Linking>
      <Debugging>
        <GenerateDebugInfo Value="True"/>
        <GenerateDwarf Value="True"/>
      </Debugging>
    </Linking>
    <Other>
      <CustomOptions Value="-dUseCThreads
-dM_MEMORY_DEBUG
-dFONTDEBUG"/>
      <CompilerPath Value="$(CompPath)"/>
      <CreateMakefileOnBuild Value="True"/>
    </Other>
  </CompilerOptions>
</CONFIG>
