<?xml version="1.0"?>
<CONFIG>
  <ProjectOptions>
    <Version Value="9"/>
    <PathDelim Value="\"/>
    <General>
      <MainUnit Value="0"/>
      <UseXPManifest Value="True"/>
      <ActiveWindowIndexAtStart Value="0"/>
    </General>
    <i18n>
      <EnableI18N LFM="False"/>
    </i18n>
    <VersionInfo>
      <StringTable ProductVersion=""/>
    </VersionInfo>
    <BuildModes Count="1">
      <Item1 Name="default" Default="True"/>
    </BuildModes>
    <PublishOptions>
      <Version Value="2"/>
      <DestinationDirectory Value="C:\Lazarus\Lape\published"/>
      <IncludeFileFilter Value="*.(pas|pp|inc|lfm|lpr|lrs|lpi|lpk|sh|xml)"/>
      <ExcludeFileFilter Value="*.(bak|ppu|ppw|o|so);*~;backup"/>
    </PublishOptions>
    <RunParams>
      <local>
        <FormatVersion Value="1"/>
      </local>
    </RunParams>
    <RequiredPackages Count="3">
      <Item1>
        <PackageName Value="LCLBase"/>
        <MinVersion Major="1" Release="1" Valid="True"/>
      </Item1>
      <Item2>
        <PackageName Value="SynEdit"/>
        <MinVersion Major="1" Valid="True"/>
      </Item2>
      <Item3>
        <PackageName Value="LCL"/>
      </Item3>
    </RequiredPackages>
    <Units Count="36">
      <Unit0>
        <Filename Value="lape.lpr"/>
        <IsPartOfProject Value="True"/>
        <UnitName Value="lape"/>
        <WindowIndex Value="0"/>
        <TopLine Value="1"/>
        <CursorPos X="40" Y="14"/>
        <UsageCount Value="201"/>
      </Unit0>
      <Unit1>
        <Filename Value="main.pas"/>
        <IsPartOfProject Value="True"/>
        <ComponentName Value="Form1"/>
        <ResourceBaseClass Value="Form"/>
        <UnitName Value="Main"/>
        <EditorIndex Value="9"/>
        <WindowIndex Value="0"/>
        <TopLine Value="179"/>
        <CursorPos X="40" Y="205"/>
        <UsageCount Value="201"/>
        <Loaded Value="True"/>
        <LoadedDesigner Value="True"/>
      </Unit1>
      <Unit2>
        <Filename Value="lpparser.pas"/>
        <IsPartOfProject Value="True"/>
        <UnitName Value="lpparser"/>
        <WindowIndex Value="0"/>
        <TopLine Value="324"/>
        <CursorPos X="6" Y="326"/>
        <UsageCount Value="201"/>
      </Unit2>
      <Unit3>
        <Filename Value="lpcompiler.pas"/>
        <IsPartOfProject Value="True"/>
        <UnitName Value="lpcompiler"/>
        <EditorIndex Value="2"/>
        <WindowIndex Value="0"/>
        <TopLine Value="612"/>
        <CursorPos X="1" Y="638"/>
        <UsageCount Value="201"/>
        <Loaded Value="True"/>
      </Unit3>
      <Unit4>
        <Filename Value="lptypes.pas"/>
        <IsPartOfProject Value="True"/>
        <UnitName Value="lptypes"/>
        <EditorIndex Value="0"/>
        <WindowIndex Value="0"/>
        <TopLine Value="320"/>
        <CursorPos X="36" Y="301"/>
        <UsageCount Value="201"/>
        <Loaded Value="True"/>
      </Unit4>
      <Unit5>
        <Filename Value="lpeval.pas"/>
        <IsPartOfProject Value="True"/>
        <UnitName Value="lpeval"/>
        <WindowIndex Value="0"/>
        <TopLine Value="93"/>
        <CursorPos X="1" Y="104"/>
        <UsageCount Value="201"/>
      </Unit5>
      <Unit6>
        <Filename Value="lpinterpreter.pas"/>
        <IsPartOfProject Value="True"/>
        <UnitName Value="lpinterpreter"/>
        <EditorIndex Value="8"/>
        <WindowIndex Value="0"/>
        <TopLine Value="79"/>
        <CursorPos X="19" Y="88"/>
        <UsageCount Value="201"/>
        <Loaded Value="True"/>
      </Unit6>
      <Unit7>
        <Filename Value="lpexceptions.pas"/>
        <IsPartOfProject Value="True"/>
        <UnitName Value="lpexceptions"/>
        <WindowIndex Value="0"/>
        <TopLine Value="13"/>
        <CursorPos X="1" Y="21"/>
        <UsageCount Value="201"/>
      </Unit7>
      <Unit8>
        <Filename Value="lape.inc"/>
        <IsPartOfProject Value="True"/>
        <EditorIndex Value="3"/>
        <WindowIndex Value="0"/>
        <TopLine Value="1"/>
        <CursorPos X="3" Y="15"/>
        <UsageCount Value="201"/>
        <Loaded Value="True"/>
      </Unit8>
      <Unit9>
        <Filename Value="lpvartypes.pas"/>
        <IsPartOfProject Value="True"/>
        <UnitName Value="lpvartypes"/>
        <EditorIndex Value="1"/>
        <WindowIndex Value="0"/>
        <TopLine Value="3107"/>
        <CursorPos X="76" Y="943"/>
        <UsageCount Value="201"/>
        <Loaded Value="True"/>
      </Unit9>
      <Unit10>
        <Filename Value="lpcodeemitter.pas"/>
        <IsPartOfProject Value="True"/>
        <UnitName Value="lpcodeemitter"/>
        <WindowIndex Value="0"/>
        <TopLine Value="144"/>
        <CursorPos X="26" Y="149"/>
        <UsageCount Value="201"/>
      </Unit10>
      <Unit11>
        <Filename Value="_lpgenerateevalfunctions.pas"/>
        <IsPartOfProject Value="True"/>
        <UnitName Value="_lpgenerateevalfunctions"/>
        <WindowIndex Value="0"/>
        <TopLine Value="1"/>
        <CursorPos X="1" Y="2105"/>
        <UsageCount Value="201"/>
      </Unit11>
      <Unit12>
        <Filename Value="lpeval_arr.inc"/>
        <IsPartOfProject Value="True"/>
        <EditorIndex Value="6"/>
        <WindowIndex Value="0"/>
        <TopLine Value="2266"/>
        <CursorPos X="1" Y="2276"/>
        <UsageCount Value="201"/>
        <Loaded Value="True"/>
      </Unit12>
      <Unit13>
        <Filename Value="lpeval_res.inc"/>
        <IsPartOfProject Value="True"/>
        <IsVisibleTab Value="True"/>
        <EditorIndex Value="4"/>
        <WindowIndex Value="0"/>
        <TopLine Value="2263"/>
        <CursorPos X="64" Y="2263"/>
        <UsageCount Value="201"/>
        <Loaded Value="True"/>
      </Unit13>
      <Unit14>
        <Filename Value="lpeval_functions.inc"/>
        <IsPartOfProject Value="True"/>
        <EditorIndex Value="5"/>
        <WindowIndex Value="0"/>
        <TopLine Value="2240"/>
        <CursorPos X="108" Y="2249"/>
        <UsageCount Value="201"/>
        <Loaded Value="True"/>
      </Unit14>
      <Unit15>
        <Filename Value="lpcodeemitter_evalheader.inc"/>
        <IsPartOfProject Value="True"/>
        <WindowIndex Value="0"/>
        <TopLine Value="1"/>
        <CursorPos X="1" Y="1"/>
        <UsageCount Value="201"/>
      </Unit15>
      <Unit16>
        <Filename Value="lpcodeemitter_evalbody.inc"/>
        <IsPartOfProject Value="True"/>
        <WindowIndex Value="0"/>
        <TopLine Value="303"/>
        <CursorPos X="14" Y="314"/>
        <UsageCount Value="201"/>
      </Unit16>
      <Unit17>
        <Filename Value="lpcodeemitter_evalcase.inc"/>
        <IsPartOfProject Value="True"/>
        <WindowIndex Value="0"/>
        <TopLine Value="41"/>
        <CursorPos X="1" Y="54"/>
        <UsageCount Value="201"/>
      </Unit17>
      <Unit18>
        <Filename Value="lpinterpreter_doeval.inc"/>
        <IsPartOfProject Value="True"/>
        <WindowIndex Value="0"/>
        <TopLine Value="482"/>
        <CursorPos X="1" Y="495"/>
        <UsageCount Value="201"/>
      </Unit18>
      <Unit19>
        <Filename Value="lpinterpreter_evalcase.inc"/>
        <IsPartOfProject Value="True"/>
        <WindowIndex Value="0"/>
        <TopLine Value="60"/>
        <CursorPos X="51" Y="64"/>
        <UsageCount Value="201"/>
      </Unit19>
      <Unit20>
        <Filename Value="lpinterpreter_evalrecords.inc"/>
        <IsPartOfProject Value="True"/>
        <WindowIndex Value="0"/>
        <TopLine Value="43"/>
        <CursorPos X="1" Y="54"/>
        <UsageCount Value="201"/>
      </Unit20>
      <Unit21>
        <Filename Value="lpinterpreter_evalopcodes.inc"/>
        <IsPartOfProject Value="True"/>
        <UsageCount Value="201"/>
      </Unit21>
      <Unit22>
        <Filename Value="lpinterpreter_jumpopcodes.inc"/>
        <IsPartOfProject Value="True"/>
        <UsageCount Value="201"/>
      </Unit22>
      <Unit23>
        <Filename Value="lpinterpreter_jumprecords.inc"/>
        <IsPartOfProject Value="True"/>
        <UsageCount Value="201"/>
      </Unit23>
      <Unit24>
        <Filename Value="lpinterpreter_dojump.inc"/>
        <IsPartOfProject Value="True"/>
        <WindowIndex Value="0"/>
        <TopLine Value="1"/>
        <CursorPos X="1" Y="11"/>
        <UsageCount Value="201"/>
      </Unit24>
      <Unit25>
        <Filename Value="lpinterpreter_jumpcase.inc"/>
        <IsPartOfProject Value="True"/>
        <WindowIndex Value="0"/>
        <TopLine Value="1"/>
        <CursorPos X="1" Y="4"/>
        <UsageCount Value="201"/>
      </Unit25>
      <Unit26>
        <Filename Value="lpcodeemitter_jumpheader.inc"/>
        <IsPartOfProject Value="True"/>
        <WindowIndex Value="0"/>
        <TopLine Value="34"/>
        <CursorPos X="1" Y="1"/>
        <UsageCount Value="201"/>
      </Unit26>
      <Unit27>
        <Filename Value="lpcodeemitter_jumpbody.inc"/>
        <IsPartOfProject Value="True"/>
        <WindowIndex Value="0"/>
        <TopLine Value="1"/>
        <CursorPos X="1" Y="1"/>
        <UsageCount Value="201"/>
      </Unit27>
      <Unit28>
        <Filename Value="lptree.pas"/>
        <IsPartOfProject Value="True"/>
        <UnitName Value="lptree"/>
        <EditorIndex Value="7"/>
        <WindowIndex Value="0"/>
        <TopLine Value="1"/>
        <CursorPos X="32" Y="460"/>
        <UsageCount Value="201"/>
        <Loaded Value="True"/>
      </Unit28>
      <Unit29>
        <Filename Value="lpinterpreter_opcodecase.inc"/>
        <IsPartOfProject Value="True"/>
        <WindowIndex Value="0"/>
        <TopLine Value="1"/>
        <CursorPos X="1" Y="3"/>
        <UsageCount Value="201"/>
      </Unit29>
      <Unit30>
        <Filename Value="lpinterpreter_doforbody.inc"/>
        <WindowIndex Value="0"/>
        <TopLine Value="1"/>
        <CursorPos X="45" Y="11"/>
        <UsageCount Value="198"/>
      </Unit30>
      <Unit31>
        <Filename Value="..\FPC\Source\rtl\objpas\fgl.pp"/>
        <UnitName Value="fgl"/>
        <WindowIndex Value="0"/>
        <TopLine Value="94"/>
        <CursorPos X="1" Y="1"/>
        <UsageCount Value="6"/>
      </Unit31>
      <Unit32>
        <Filename Value="lpdisassembler.pas"/>
        <IsPartOfProject Value="True"/>
        <UnitName Value="lpdisassembler"/>
        <WindowIndex Value="0"/>
        <TopLine Value="1"/>
        <CursorPos X="23" Y="39"/>
        <UsageCount Value="200"/>
      </Unit32>
      <Unit33>
        <Filename Value="lpdisassembler_dojump.inc"/>
        <IsPartOfProject Value="True"/>
        <WindowIndex Value="0"/>
        <TopLine Value="1"/>
        <CursorPos X="21" Y="6"/>
        <UsageCount Value="200"/>
      </Unit33>
      <Unit34>
        <Filename Value="lpdisassembler_doeval.inc"/>
        <IsPartOfProject Value="True"/>
        <WindowIndex Value="0"/>
        <TopLine Value="149"/>
        <CursorPos X="1" Y="164"/>
        <UsageCount Value="200"/>
      </Unit34>
      <Unit35>
        <Filename Value="..\LazSVN\lcl\utrace.pp"/>
        <UnitName Value="UTrace"/>
        <WindowIndex Value="0"/>
        <TopLine Value="53"/>
        <CursorPos X="1" Y="64"/>
        <UsageCount Value="9"/>
      </Unit35>
    </Units>
    <JumpHistory Count="30" HistoryIndex="29">
      <Position1>
        <Filename Value="lpeval_arr.inc"/>
        <Caret Line="1057" Column="65" TopLine="1042"/>
      </Position1>
      <Position2>
        <Filename Value="lpeval_arr.inc"/>
        <Caret Line="1628" Column="49" TopLine="1613"/>
      </Position2>
      <Position3>
        <Filename Value="lpeval_arr.inc"/>
        <Caret Line="1693" Column="59" TopLine="1678"/>
      </Position3>
      <Position4>
        <Filename Value="lpeval_arr.inc"/>
        <Caret Line="2129" Column="73" TopLine="2114"/>
      </Position4>
      <Position5>
        <Filename Value="lpeval_arr.inc"/>
        <Caret Line="2192" Column="71" TopLine="2176"/>
      </Position5>
      <Position6>
        <Filename Value="lpeval_arr.inc"/>
        <Caret Line="2242" Column="78" TopLine="2224"/>
      </Position6>
      <Position7>
        <Filename Value="lpeval_arr.inc"/>
        <Caret Line="2266" Column="1" TopLine="2260"/>
      </Position7>
      <Position8>
        <Filename Value="lpeval_functions.inc"/>
        <Caret Line="2047" Column="18" TopLine="2044"/>
      </Position8>
      <Position9>
        <Filename Value="lpeval_functions.inc"/>
        <Caret Line="2048" Column="51" TopLine="2044"/>
      </Position9>
      <Position10>
        <Filename Value="lpeval_functions.inc"/>
        <Caret Line="2049" Column="51" TopLine="2044"/>
      </Position10>
      <Position11>
        <Filename Value="lpeval_functions.inc"/>
        <Caret Line="2050" Column="54" TopLine="2044"/>
      </Position11>
      <Position12>
        <Filename Value="lpeval_functions.inc"/>
        <Caret Line="2077" Column="73" TopLine="2065"/>
      </Position12>
      <Position13>
        <Filename Value="lpeval_functions.inc"/>
        <Caret Line="2048" Column="1" TopLine="2046"/>
      </Position13>
      <Position14>
        <Filename Value="lpeval_arr.inc"/>
        <Caret Line="2048" Column="1" TopLine="2040"/>
      </Position14>
      <Position15>
        <Filename Value="lpeval_functions.inc"/>
        <Caret Line="2130" Column="1" TopLine="2118"/>
      </Position15>
      <Position16>
        <Filename Value="lpeval_functions.inc"/>
        <Caret Line="2100" Column="1" TopLine="2094"/>
      </Position16>
      <Position17>
        <Filename Value="lpeval_functions.inc"/>
        <Caret Line="2152" Column="1" TopLine="2142"/>
      </Position17>
      <Position18>
        <Filename Value="lpeval_functions.inc"/>
        <Caret Line="2222" Column="1" TopLine="2201"/>
      </Position18>
      <Position19>
        <Filename Value="lpeval_functions.inc"/>
        <Caret Line="2204" Column="1" TopLine="2203"/>
      </Position19>
      <Position20>
        <Filename Value="lpeval_functions.inc"/>
        <Caret Line="2250" Column="1" TopLine="2229"/>
      </Position20>
      <Position21>
        <Filename Value="lpeval_functions.inc"/>
        <Caret Line="2232" Column="1" TopLine="2231"/>
      </Position21>
      <Position22>
        <Filename Value="lpeval_res.inc"/>
        <Caret Line="2044" Column="4" TopLine="2029"/>
      </Position22>
      <Position23>
        <Filename Value="lpeval_res.inc"/>
        <Caret Line="2045" Column="4" TopLine="2029"/>
      </Position23>
      <Position24>
        <Filename Value="lpeval_res.inc"/>
        <Caret Line="2041" Column="45" TopLine="2029"/>
      </Position24>
      <Position25>
        <Filename Value="lpeval_res.inc"/>
        <Caret Line="2044" Column="73" TopLine="2029"/>
      </Position25>
      <Position26>
        <Filename Value="lpeval_res.inc"/>
        <Caret Line="2045" Column="73" TopLine="2029"/>
      </Position26>
      <Position27>
        <Filename Value="lpeval_res.inc"/>
        <Caret Line="2046" Column="76" TopLine="2029"/>
      </Position27>
      <Position28>
        <Filename Value="lpeval_res.inc"/>
        <Caret Line="2073" Column="73" TopLine="2056"/>
      </Position28>
      <Position29>
        <Filename Value="lpeval_res.inc"/>
        <Caret Line="2209" Column="1" TopLine="2200"/>
      </Position29>
      <Position30>
        <Filename Value="lpeval_res.inc"/>
        <Caret Line="2246" Column="1" TopLine="2234"/>
      </Position30>
    </JumpHistory>
  </ProjectOptions>
  <CompilerOptions>
    <Version Value="10"/>
    <PathDelim Value="\"/>
    <Target>
      <Filename Value="lape"/>
    </Target>
    <SearchPaths>
      <IncludeFiles Value="$(ProjOutDir)"/>
      <UnitOutputDirectory Value="lib\$(TargetCPU)-$(TargetOS)"/>
    </SearchPaths>
    <Parsing>
      <SyntaxOptions>
        <IncludeAssertionCode Value="True"/>
      </SyntaxOptions>
    </Parsing>
    <CodeGeneration>
      <SmartLinkUnit Value="True"/>
    </CodeGeneration>
    <Linking>
      <Debugging>
        <GenerateDebugInfo Value="True"/>
        <UseHeaptrc Value="True"/>
      </Debugging>
      <LinkSmart Value="True"/>
    </Linking>
    <Other>
      <CompilerMessages>
        <UseMsgFile Value="True"/>
      </CompilerMessages>
      <CompilerPath Value="$(CompPath)"/>
    </Other>
  </CompilerOptions>
  <Debugging>
    <BreakPoints Count="1">
      <Item1>
        <Source Value="lpvartypes.pas"/>
        <Line Value="1075"/>
      </Item1>
    </BreakPoints>
    <Watches Count="1">
      <Item1>
        <Expression Value="MyString"/>
      </Item1>
    </Watches>
  </Debugging>
</CONFIG>
