<?xml version="1.0"?>
<CONFIG>
  <ProjectOptions>
    <Version Value="7"/>
    <General>
      <Flags>
        <MainUnitHasCreateFormStatements Value="False"/>
        <MainUnitHasTitleStatement Value="False"/>
      </Flags>
      <MainUnit Value="0"/>
      <TargetFileExt Value=""/>
      <Icon Value="0"/>
      <UseXPManifest Value="True"/>
      <ActiveEditorIndexAtStart Value="0"/>
    </General>
    <VersionInfo>
      <ProjectVersion Value=""/>
      <Language Value=""/>
      <CharSet Value=""/>
    </VersionInfo>
    <PublishOptions>
      <Version Value="2"/>
      <IgnoreBinaries Value="False"/>
      <IncludeFileFilter Value="*.(pas|pp|inc|lfm|lpr|lrs|lpi|lpk|sh|xml)"/>
      <ExcludeFileFilter Value="*.(bak|ppu|ppw|o|so);*~;backup"/>
    </PublishOptions>
    <RunParams>
      <local>
        <FormatVersion Value="1"/>
        <LaunchingApplication PathPlusParams="/usr/X11R6/bin/xterm -T 'Lazarus Run Output' -e $(LazarusDir)/tools/runwait.sh $(TargetCmdLine)"/>
      </local>
    </RunParams>
    <Units Count="8">
      <Unit0>
        <Filename Value="project1.lpr"/>
        <IsPartOfProject Value="True"/>
        <UnitName Value="project1"/>
        <CursorPos X="30" Y="18"/>
        <TopLine Value="1"/>
        <EditorIndex Value="0"/>
        <UsageCount Value="20"/>
        <Loaded Value="True"/>
      </Unit0>
      <Unit1>
        <Filename Value="../../../../Documents/fpc/packages/fcl-process/src/process.pp"/>
        <UnitName Value="process"/>
        <CursorPos X="23" Y="94"/>
        <TopLine Value="72"/>
        <EditorIndex Value="4"/>
        <UsageCount Value="10"/>
        <Loaded Value="True"/>
      </Unit1>
      <Unit2>
        <Filename Value="../../../../Documents/fpc/packages/fcl-process/src/unix/process.inc"/>
        <CursorPos X="34" Y="138"/>
        <TopLine Value="1"/>
        <UsageCount Value="10"/>
      </Unit2>
      <Unit3>
        <Filename Value="../../../../Documents/fpc/packages/ncurses/src/form.pp"/>
        <UnitName Value="form"/>
        <CursorPos X="42" Y="9"/>
        <TopLine Value="1"/>
        <UsageCount Value="10"/>
      </Unit3>
      <Unit4>
        <Filename Value="../../../../Documents/fpc/packages/fv/src/time.pas"/>
        <UnitName Value="Time"/>
        <CursorPos X="44" Y="9"/>
        <TopLine Value="1"/>
        <UsageCount Value="10"/>
      </Unit4>
      <Unit5>
        <Filename Value="../../../../Documents/fpc/rtl/linux/system.pp"/>
        <UnitName Value="System"/>
        <CursorPos X="40" Y="9"/>
        <TopLine Value="350"/>
        <EditorIndex Value="3"/>
        <UsageCount Value="10"/>
        <Loaded Value="True"/>
      </Unit5>
      <Unit6>
        <Filename Value="../../../../Documents/lazarus/lcl/extctrls.pp"/>
        <UnitName Value="ExtCtrls"/>
        <CursorPos X="22" Y="324"/>
        <TopLine Value="316"/>
        <EditorIndex Value="1"/>
        <UsageCount Value="10"/>
        <Loaded Value="True"/>
      </Unit6>
      <Unit7>
        <Filename Value="../../../../Documents/lazarus/lcl/customtimer.pas"/>
        <UnitName Value="CustomTimer"/>
        <CursorPos X="37" Y="39"/>
        <TopLine Value="27"/>
        <EditorIndex Value="2"/>
        <UsageCount Value="10"/>
        <Loaded Value="True"/>
      </Unit7>
    </Units>
    <JumpHistory Count="16" HistoryIndex="15">
      <Position1>
        <Filename Value="../../../../Documents/fpc/packages/fcl-process/src/process.pp"/>
        <Caret Line="158" Column="9" TopLine="132"/>
      </Position1>
      <Position2>
        <Filename Value="../../../../Documents/lazarus/lcl/extctrls.pp"/>
        <Caret Line="1" Column="1" TopLine="1"/>
      </Position2>
      <Position3>
        <Filename Value="../../../../Documents/lazarus/lcl/extctrls.pp"/>
        <Caret Line="324" Column="9" TopLine="316"/>
      </Position3>
      <Position4>
        <Filename Value="../../../../Documents/lazarus/lcl/extctrls.pp"/>
        <Caret Line="329" Column="26" TopLine="316"/>
      </Position4>
      <Position5>
        <Filename Value="../../../../Documents/lazarus/lcl/extctrls.pp"/>
        <Caret Line="389" Column="26" TopLine="374"/>
      </Position5>
      <Position6>
        <Filename Value="../../../../Documents/lazarus/lcl/extctrls.pp"/>
        <Caret Line="1166" Column="19" TopLine="1151"/>
      </Position6>
      <Position7>
        <Filename Value="../../../../Documents/lazarus/lcl/extctrls.pp"/>
        <Caret Line="1248" Column="44" TopLine="1233"/>
      </Position7>
      <Position8>
        <Filename Value="../../../../Documents/lazarus/lcl/extctrls.pp"/>
        <Caret Line="324" Column="22" TopLine="316"/>
      </Position8>
      <Position9>
        <Filename Value="project1.lpr"/>
        <Caret Line="53" Column="19" TopLine="26"/>
      </Position9>
      <Position10>
        <Filename Value="project1.lpr"/>
        <Caret Line="71" Column="15" TopLine="49"/>
      </Position10>
      <Position11>
        <Filename Value="project1.lpr"/>
        <Caret Line="9" Column="38" TopLine="1"/>
      </Position11>
      <Position12>
        <Filename Value="project1.lpr"/>
        <Caret Line="55" Column="37" TopLine="40"/>
      </Position12>
      <Position13>
        <Filename Value="project1.lpr"/>
        <Caret Line="57" Column="68" TopLine="40"/>
      </Position13>
      <Position14>
        <Filename Value="project1.lpr"/>
        <Caret Line="56" Column="23" TopLine="43"/>
      </Position14>
      <Position15>
        <Filename Value="../../../../Documents/fpc/packages/fcl-process/src/process.pp"/>
        <Caret Line="119" Column="71" TopLine="104"/>
      </Position15>
      <Position16>
        <Filename Value="project1.lpr"/>
        <Caret Line="75" Column="50" TopLine="88"/>
      </Position16>
    </JumpHistory>
  </ProjectOptions>
  <CompilerOptions>
    <Version Value="8"/>
    <Target>
      <Filename Value="project1"/>
    </Target>
    <SearchPaths>
      <IncludeFiles Value="$(ProjOutDir)/"/>
      <UnitOutputDirectory Value="lib/$(TargetCPU)-$(TargetOS)"/>
    </SearchPaths>
    <Other>
      <CompilerPath Value="$(CompPath)"/>
    </Other>
  </CompilerOptions>
  <Debugging>
    <Exceptions Count="3">
      <Item1>
        <Name Value="EAbort"/>
      </Item1>
      <Item2>
        <Name Value="ECodetoolError"/>
      </Item2>
      <Item3>
        <Name Value="EFOpenError"/>
      </Item3>
    </Exceptions>
  </Debugging>
</CONFIG>
